
Microsoft Visual Studio Solution File, Format Version 9.00
# Visual Studio 2005
Project("{8BC9CEB8-8B4A-11D0-8D11-00A0C91BC942}") = "NMmp", "lib\nmMP\NMmp.vcproj", "{635B55CF-68A0-44C7-96BF-A4E58326269B}"
EndProject
Project("{8BC9CEB8-8B4A-11D0-8D11-00A0C91BC942}") = "nano", "app\nano\nano.vcproj", "{26983F78-0E0C-4DE7-A29C-01191997E522}"
	ProjectSection(ProjectDependencies) = postProject
		{C91C732D-F97F-409C-9134-87BA08B6F6D4} = {C91C732D-F97F-409C-9134-87BA08B6F6D4}
		{A9BDEB79-E0C3-46C7-AB3A-818ED3803F77} = {A9BDEB79-E0C3-46C7-AB3A-818ED3803F77}
		{2EBF9EE8-1A88-46F9-B236-2FFFFF27CE95} = {2EBF9EE8-1A88-46F9-B236-2FFFFF27CE95}
		{66492EFA-0424-49C0-8A53-7A659E35EFBD} = {66492EFA-0424-49C0-8A53-7A659E35EFBD}
		{37907DBB-5EA4-4D5C-A762-BEC2346978E1} = {37907DBB-5EA4-4D5C-A762-BEC2346978E1}
		{D4F8077F-6D72-43F8-B907-28436EA0645C} = {D4F8077F-6D72-43F8-B907-28436EA0645C}
		{6F05A4E0-EA2F-45C5-91EC-B45C3F65C2BA} = {6F05A4E0-EA2F-45C5-91EC-B45C3F65C2BA}
		{39C3060B-9420-4BBB-B736-AF9A10E5B197} = {39C3060B-9420-4BBB-B736-AF9A10E5B197}
		{3905076C-B39E-4DC5-9ECC-477CE1F36907} = {3905076C-B39E-4DC5-9ECC-477CE1F36907}
		{E4694DD2-67C6-48B6-9D00-C15D68AF9B1A} = {E4694DD2-67C6-48B6-9D00-C15D68AF9B1A}
		{AE0895F0-5BE5-4CC8-A1F1-5D478A881A81} = {AE0895F0-5BE5-4CC8-A1F1-5D478A881A81}
		{02120677-6423-4801-85FA-8D958C815ABD} = {02120677-6423-4801-85FA-8D958C815ABD}
		{635B55CF-68A0-44C7-96BF-A4E58326269B} = {635B55CF-68A0-44C7-96BF-A4E58326269B}
		{C52EE6B5-04BF-4FA5-9988-956E14BC5E91} = {C52EE6B5-04BF-4FA5-9988-956E14BC5E91}
	EndProjectSection
EndProject
Project("{8BC9CEB8-8B4A-11D0-8D11-00A0C91BC942}") = "nmAnalyze", "APP\NANO\LIB\nmAnalyze\nmAnalyze.vcproj", "{2EBF9EE8-1A88-46F9-B236-2FFFFF27CE95}"
	ProjectSection(ProjectDependencies) = postProject
		{37907DBB-5EA4-4D5C-A762-BEC2346978E1} = {37907DBB-5EA4-4D5C-A762-BEC2346978E1}
	EndProjectSection
EndProject
Project("{8BC9CEB8-8B4A-11D0-8D11-00A0C91BC942}") = "nmAux", "APP\NANO\LIB\nmAux\nmAux.vcproj", "{A9BDEB79-E0C3-46C7-AB3A-818ED3803F77}"
EndProject
Project("{8BC9CEB8-8B4A-11D0-8D11-00A0C91BC942}") = "nmBase", "lib\nmBase\nmBase.vcproj", "{D4F8077F-6D72-43F8-B907-28436EA0645C}"
EndProject
Project("{8BC9CEB8-8B4A-11D0-8D11-00A0C91BC942}") = "nmGeometry", "LIB\NMGEOMETRY\nmGeometry.vcproj", "{6F05A4E0-EA2F-45C5-91EC-B45C3F65C2BA}"
EndProject
Project("{8BC9CEB8-8B4A-11D0-8D11-00A0C91BC942}") = "nmGraphics", "APP\NANO\LIB\nmGraphics\nmGraphics.vcproj", "{C91C732D-F97F-409C-9134-87BA08B6F6D4}"
EndProject
Project("{8BC9CEB8-8B4A-11D0-8D11-00A0C91BC942}") = "nmImageViewer", "LIB\nmImageViewer\nmImageViewer.vcproj", "{C52EE6B5-04BF-4FA5-9988-956E14BC5E91}"
EndProject
Project("{8BC9CEB8-8B4A-11D0-8D11-00A0C91BC942}") = "nmMScope", "app\nano\lib\nmMScope\nmMScope.vcproj", "{02120677-6423-4801-85FA-8D958C815ABD}"
EndProject
Project("{8BC9CEB8-8B4A-11D0-8D11-00A0C91BC942}") = "nmMScopeGenerate", "app\nano\lib\nmMScope\nmMScopeGenerate.vcproj", "{37907DBB-5EA4-4D5C-A762-BEC2346978E1}"
EndProject
Project("{8BC9CEB8-8B4A-11D0-8D11-00A0C91BC942}") = "nmReg", "APP\NANO\LIB\nmReg\nmReg.vcproj", "{AE0895F0-5BE5-4CC8-A1F1-5D478A881A81}"
EndProject
Project("{8BC9CEB8-8B4A-11D0-8D11-00A0C91BC942}") = "nmSEM", "APP\NANO\LIB\nmSEM\nmSEM.vcproj", "{66492EFA-0424-49C0-8A53-7A659E35EFBD}"
EndProject
Project("{8BC9CEB8-8B4A-11D0-8D11-00A0C91BC942}") = "nmUGraphics", "APP\NANO\LIB\nmUGraphics\nmUGraphics.vcproj", "{E4694DD2-67C6-48B6-9D00-C15D68AF9B1A}"
	ProjectSection(ProjectDependencies) = postProject
		{37907DBB-5EA4-4D5C-A762-BEC2346978E1} = {37907DBB-5EA4-4D5C-A762-BEC2346978E1}
	EndProjectSection
EndProject
Project("{8BC9CEB8-8B4A-11D0-8D11-00A0C91BC942}") = "nmUI", "APP\NANO\LIB\nmUI\nmUI.vcproj", "{3905076C-B39E-4DC5-9ECC-477CE1F36907}"
EndProject
Project("{8BC9CEB8-8B4A-11D0-8D11-00A0C91BC942}") = "tclLinkVar", "lib\tclLinkVar\tclLinkVar.vcproj", "{39C3060B-9420-4BBB-B736-AF9A10E5B197}"
EndProject
Global
	GlobalSection(SolutionConfigurationPlatforms) = preSolution
		Debug|Win32 = Debug|Win32
		Release|Win32 = Release|Win32
	EndGlobalSection
	GlobalSection(ProjectConfigurationPlatforms) = postSolution
		{635B55CF-68A0-44C7-96BF-A4E58326269B}.Debug|Win32.ActiveCfg = Debug|Win32
		{635B55CF-68A0-44C7-96BF-A4E58326269B}.Debug|Win32.Build.0 = Debug|Win32
		{635B55CF-68A0-44C7-96BF-A4E58326269B}.Release|Win32.ActiveCfg = Release|Win32
		{635B55CF-68A0-44C7-96BF-A4E58326269B}.Release|Win32.Build.0 = Release|Win32
		{26983F78-0E0C-4DE7-A29C-01191997E522}.Debug|Win32.ActiveCfg = Debug|Win32
		{26983F78-0E0C-4DE7-A29C-01191997E522}.Debug|Win32.Build.0 = Debug|Win32
		{26983F78-0E0C-4DE7-A29C-01191997E522}.Release|Win32.ActiveCfg = Release|Win32
		{26983F78-0E0C-4DE7-A29C-01191997E522}.Release|Win32.Build.0 = Release|Win32
		{2EBF9EE8-1A88-46F9-B236-2FFFFF27CE95}.Debug|Win32.ActiveCfg = Debug|Win32
		{2EBF9EE8-1A88-46F9-B236-2FFFFF27CE95}.Debug|Win32.Build.0 = Debug|Win32
		{2EBF9EE8-1A88-46F9-B236-2FFFFF27CE95}.Release|Win32.ActiveCfg = Release|Win32
		{2EBF9EE8-1A88-46F9-B236-2FFFFF27CE95}.Release|Win32.Build.0 = Release|Win32
		{A9BDEB79-E0C3-46C7-AB3A-818ED3803F77}.Debug|Win32.ActiveCfg = Debug|Win32
		{A9BDEB79-E0C3-46C7-AB3A-818ED3803F77}.Debug|Win32.Build.0 = Debug|Win32
		{A9BDEB79-E0C3-46C7-AB3A-818ED3803F77}.Release|Win32.ActiveCfg = Release|Win32
		{A9BDEB79-E0C3-46C7-AB3A-818ED3803F77}.Release|Win32.Build.0 = Release|Win32
		{D4F8077F-6D72-43F8-B907-28436EA0645C}.Debug|Win32.ActiveCfg = Debug|Win32
		{D4F8077F-6D72-43F8-B907-28436EA0645C}.Debug|Win32.Build.0 = Debug|Win32
		{D4F8077F-6D72-43F8-B907-28436EA0645C}.Release|Win32.ActiveCfg = Release|Win32
		{D4F8077F-6D72-43F8-B907-28436EA0645C}.Release|Win32.Build.0 = Release|Win32
		{6F05A4E0-EA2F-45C5-91EC-B45C3F65C2BA}.Debug|Win32.ActiveCfg = Debug|Win32
		{6F05A4E0-EA2F-45C5-91EC-B45C3F65C2BA}.Debug|Win32.Build.0 = Debug|Win32
		{6F05A4E0-EA2F-45C5-91EC-B45C3F65C2BA}.Release|Win32.ActiveCfg = Release|Win32
		{6F05A4E0-EA2F-45C5-91EC-B45C3F65C2BA}.Release|Win32.Build.0 = Release|Win32
		{C91C732D-F97F-409C-9134-87BA08B6F6D4}.Debug|Win32.ActiveCfg = Debug|Win32
		{C91C732D-F97F-409C-9134-87BA08B6F6D4}.Debug|Win32.Build.0 = Debug|Win32
		{C91C732D-F97F-409C-9134-87BA08B6F6D4}.Release|Win32.ActiveCfg = Release|Win32
		{C91C732D-F97F-409C-9134-87BA08B6F6D4}.Release|Win32.Build.0 = Release|Win32
		{C52EE6B5-04BF-4FA5-9988-956E14BC5E91}.Debug|Win32.ActiveCfg = Debug|Win32
		{C52EE6B5-04BF-4FA5-9988-956E14BC5E91}.Debug|Win32.Build.0 = Debug|Win32
		{C52EE6B5-04BF-4FA5-9988-956E14BC5E91}.Release|Win32.ActiveCfg = Release|Win32
		{C52EE6B5-04BF-4FA5-9988-956E14BC5E91}.Release|Win32.Build.0 = Release|Win32
		{02120677-6423-4801-85FA-8D958C815ABD}.Debug|Win32.ActiveCfg = Debug|Win32
		{02120677-6423-4801-85FA-8D958C815ABD}.Debug|Win32.Build.0 = Debug|Win32
		{02120677-6423-4801-85FA-8D958C815ABD}.Release|Win32.ActiveCfg = Release|Win32
		{02120677-6423-4801-85FA-8D958C815ABD}.Release|Win32.Build.0 = Release|Win32
		{37907DBB-5EA4-4D5C-A762-BEC2346978E1}.Debug|Win32.ActiveCfg = Debug|Win32
		{37907DBB-5EA4-4D5C-A762-BEC2346978E1}.Debug|Win32.Build.0 = Debug|Win32
		{37907DBB-5EA4-4D5C-A762-BEC2346978E1}.Release|Win32.ActiveCfg = Release|Win32
		{37907DBB-5EA4-4D5C-A762-BEC2346978E1}.Release|Win32.Build.0 = Release|Win32
		{AE0895F0-5BE5-4CC8-A1F1-5D478A881A81}.Debug|Win32.ActiveCfg = Debug|Win32
		{AE0895F0-5BE5-4CC8-A1F1-5D478A881A81}.Debug|Win32.Build.0 = Debug|Win32
		{AE0895F0-5BE5-4CC8-A1F1-5D478A881A81}.Release|Win32.ActiveCfg = Release|Win32
		{AE0895F0-5BE5-4CC8-A1F1-5D478A881A81}.Release|Win32.Build.0 = Release|Win32
		{66492EFA-0424-49C0-8A53-7A659E35EFBD}.Debug|Win32.ActiveCfg = Debug|Win32
		{66492EFA-0424-49C0-8A53-7A659E35EFBD}.Debug|Win32.Build.0 = Debug|Win32
		{66492EFA-0424-49C0-8A53-7A659E35EFBD}.Release|Win32.ActiveCfg = Release|Win32
		{66492EFA-0424-49C0-8A53-7A659E35EFBD}.Release|Win32.Build.0 = Release|Win32
		{E4694DD2-67C6-48B6-9D00-C15D68AF9B1A}.Debug|Win32.ActiveCfg = Debug|Win32
		{E4694DD2-67C6-48B6-9D00-C15D68AF9B1A}.Debug|Win32.Build.0 = Debug|Win32
		{E4694DD2-67C6-48B6-9D00-C15D68AF9B1A}.Release|Win32.ActiveCfg = Release|Win32
		{E4694DD2-67C6-48B6-9D00-C15D68AF9B1A}.Release|Win32.Build.0 = Release|Win32
		{3905076C-B39E-4DC5-9ECC-477CE1F36907}.Debug|Win32.ActiveCfg = Debug|Win32
		{3905076C-B39E-4DC5-9ECC-477CE1F36907}.Debug|Win32.Build.0 = Debug|Win32
		{3905076C-B39E-4DC5-9ECC-477CE1F36907}.Release|Win32.ActiveCfg = Release|Win32
		{3905076C-B39E-4DC5-9ECC-477CE1F36907}.Release|Win32.Build.0 = Release|Win32
		{39C3060B-9420-4BBB-B736-AF9A10E5B197}.Debug|Win32.ActiveCfg = Debug|Win32
		{39C3060B-9420-4BBB-B736-AF9A10E5B197}.Debug|Win32.Build.0 = Debug|Win32
		{39C3060B-9420-4BBB-B736-AF9A10E5B197}.Release|Win32.ActiveCfg = Release|Win32
		{39C3060B-9420-4BBB-B736-AF9A10E5B197}.Release|Win32.Build.0 = Release|Win32
	EndGlobalSection
	GlobalSection(SolutionProperties) = preSolution
		HideSolutionNode = FALSE
	EndGlobalSection
EndGlobal
